github.com/davecgh/go-spew v1.1.1 h1:vj9j/u1bqnvCEfJOwUhtlOARqs3+rkHYY13jYWTU97c=
github.com/davecgh/go-spew v1.1.1/go.mod h1:J7Y8YcW2NihsgmVo/mv3lAwl/skON4iLHjSsI+c5H38=
github.com/gorilla/context v1.1.1 h1:AWwleXJkX/nhcU9bZSnZoi3h/qGYqQAGhq6zZe/aQW8=
github.com/gorilla/context v1.1.1/go.mod h1:kBGZzfjB9CEq2AlWe17Uuf7NDRt0dE0s8S51q0aT7Yg=
github.com/gorilla/mux v1.6.2 h1:Pgr17XVTNXAk3q/r4CpKzC5xBM/qW1uVLV+IhRZpIIk=
github.com/gorilla/mux v1.6.2/go.mod h1:1lud6UwP+6orDFRuTfBEV8e9/aOM/c4fVVCaMa2zaAs=
github.com/h2non/gock v1.0.12 h1:e1lLoiLdVdzJoqqCRtm1tbqCEDWG9Xei/1mzmav+GAs=
github.com/h2non/gock v1.0.12/go.mod h1:CZMcB0Lg5IWnr9bF79pPMg9WeV6WumxQiUJ1UvdO1iE=
github.com/nbio/st v0.0.0-20140626010706-e9e8d9816f32 h1:W6apQkHrMkS0Muv8G/TipAy/FJl/rCYT0+EuS8+Z0z4=
github.com/nbio/st v0.0.0-20140626010706-e9e8d9816f32/go.mod h1:9wM+0iRr9ahx58uYLpLIr5fm8diHn0JbqRycJi6w0Ms=
github.com/pmezard/go-difflib v1.0.0 h1:4DBwDE0NGyQoBHbLQYPwSUPoCMWR5BEzIk/f1lZbAQM=
github.com/pmezard/go-difflib v1.0.0/go.mod h1:iKH77koFhYxTK1pcRnkKkqfTogsbg7gZNVY4sRDYZ/4=
github.com/steinfletcher/sequence-diagrams v0.0.0-20181215214048-29566f600634 h1:cpUblJPjVPOjO5oxHPRA1278B4HSkuvuX5gnq0bMWoI=
github.com/steinfletcher/sequence-diagrams v0.0.0-20181215214048-29566f600634/go.mod h1:KFf+ynkN0jwBAqd/QTm8dJTinXUV9ZyLYZrgEoTEZcI=
github.com/steinfletcher/sequence-diagrams v0.0.0-20181216155943-8362d7a2c1a9 h1:h+AnGjPTJf8XKjOfuEoGKrbEJRfLpl2LPkl7sKCDcbw=
github.com/steinfletcher/sequence-diagrams v0.0.0-20181216155943-8362d7a2c1a9/go.mod h1:KFf+ynkN0jwBAqd/QTm8dJTinXUV9ZyLYZrgEoTEZcI=
github.com/stretchr/testify v1.2.2 h1:bSDNvY7ZPG5RlJ8otE/7V6gMiyenm9RtJ7IUVIAoJ1w=
github.com/stretchr/testify v1.2.2/go.mod h1:a8OnRcib4nhh0OaRAV+Yts87kKdq0PP7pXfy6kDkUVs=
